<?xml version="1.0" encoding="utf-8"?>
<Project ToolsVersion="4.0" xmlns="http://schemas.microsoft.com/developer/msbuild/2003">
  <ItemGroup>
    <Filter Include="Source Files">
      <UniqueIdentifier>{4FC737F1-C7A5-4376-A066-2A32D752A2FF}</UniqueIdentifier>
      <Extensions>cpp;c;cc;cxx;def;odl;idl;hpj;bat;asm;asmx</Extensions>
    </Filter>
    <Filter Include="Header Files">
      <UniqueIdentifier>{93995380-89BD-4b04-88EB-625FBE52EBFB}</UniqueIdentifier>
      <Extensions>h;hpp;hxx;hm;inl;inc;xsd</Extensions>
    </Filter>
    <Filter Include="Resource Files">
      <UniqueIdentifier>{67DA6AB6-F800-4c08-8B7A-83BB121AAD01}</UniqueIdentifier>
      <Extensions>rc;ico;cur;bmp;dlg;rc2;rct;bin;rgs;gif;jpg;jpeg;jpe;resx;tiff;tif;png;wav</Extensions>
    </Filter>
    <Filter Include="blocks">
      <UniqueIdentifier>{0e87ba03-c7da-446b-9d8d-2c6269ab6684}</UniqueIdentifier>
    </Filter>
    <Filter Include="blocks\midnight-grt">
      <UniqueIdentifier>{1a6f7c11-bc74-4378-8d81-6b0cdd1d59ae}</UniqueIdentifier>
    </Filter>
    <Filter Include="blocks\midnight-grt\src">
      <UniqueIdentifier>{a92334c6-01f6-43fb-852f-e09a6abc9aaf}</UniqueIdentifier>
    </Filter>
    <Filter Include="blocks\midnight-grt\lib">
      <UniqueIdentifier>{d8d8bcb2-571e-4e4c-a9c6-f6fcde32d8ca}</UniqueIdentifier>
    </Filter>
    <Filter Include="blocks\midnight-grt\lib\grt">
      <UniqueIdentifier>{d168d45e-4d3e-4fca-b31a-067de1b26da5}</UniqueIdentifier>
    </Filter>
  </ItemGroup>
  <ItemGroup>
    <ClCompile Include="..\src\exampleClassificationApp.cpp">
      <Filter>Source Files</Filter>
    </ClCompile>
    <ClCompile Include="..\src\exampleClassificationApp.cpp">
      <Filter>Source Files</Filter>
    </ClCompile>
    <ClInclude Include="..\include\Resources.h">
      <Filter>Header Files</Filter>
    </ClInclude>
    <ClCompile Include="..\..\libs\grt\src\ClassificationModules\AdaBoost\AdaBoost.cpp">
      <Filter>blocks\midnight-grt\lib\grt</Filter>
    </ClCompile>
    <ClCompile Include="..\..\libs\grt\src\ClassificationModules\AdaBoost\WeakClassifiers\DecisionStump.cpp">
      <Filter>blocks\midnight-grt\lib\grt</Filter>
    </ClCompile>
    <ClCompile Include="..\..\libs\grt\src\ClassificationModules\AdaBoost\WeakClassifiers\RadialBasisFunction.cpp">
      <Filter>blocks\midnight-grt\lib\grt</Filter>
    </ClCompile>
    <ClCompile Include="..\..\libs\grt\src\ClassificationModules\AdaBoost\WeakClassifiers\WeakClassifier.cpp">
      <Filter>blocks\midnight-grt\lib\grt</Filter>
    </ClCompile>
    <ClCompile Include="..\..\libs\grt\src\ClassificationModules\ANBC\ANBC.cpp">
      <Filter>blocks\midnight-grt\lib\grt</Filter>
    </ClCompile>
    <ClCompile Include="..\..\libs\grt\src\ClassificationModules\ANBC\ANBC_Model.cpp">
      <Filter>blocks\midnight-grt\lib\grt</Filter>
    </ClCompile>
    <ClCompile Include="..\..\libs\grt\src\ClassificationModules\BAG\BAG.cpp">
      <Filter>blocks\midnight-grt\lib\grt</Filter>
    </ClCompile>
    <ClCompile Include="..\..\libs\grt\src\ClassificationModules\DecisionTree\DecisionTree.cpp">
      <Filter>blocks\midnight-grt\lib\grt</Filter>
    </ClCompile>
    <ClCompile Include="..\..\libs\grt\src\ClassificationModules\DecisionTree\DecisionTreeClusterNode.cpp">
      <Filter>blocks\midnight-grt\lib\grt</Filter>
    </ClCompile>
    <ClCompile Include="..\..\libs\grt\src\ClassificationModules\DecisionTree\DecisionTreeNode.cpp">
      <Filter>blocks\midnight-grt\lib\grt</Filter>
    </ClCompile>
    <ClCompile Include="..\..\libs\grt\src\ClassificationModules\DecisionTree\DecisionTreeThresholdNode.cpp">
      <Filter>blocks\midnight-grt\lib\grt</Filter>
    </ClCompile>
    <ClCompile Include="..\..\libs\grt\src\ClassificationModules\DecisionTree\DecisionTreeTripleFeatureNode.cpp">
      <Filter>blocks\midnight-grt\lib\grt</Filter>
    </ClCompile>
    <ClCompile Include="..\..\libs\grt\src\ClassificationModules\DTW\DTW.cpp">
      <Filter>blocks\midnight-grt\lib\grt</Filter>
    </ClCompile>
    <ClCompile Include="..\..\libs\grt\src\ClassificationModules\FiniteStateMachine\FiniteStateMachine.cpp">
      <Filter>blocks\midnight-grt\lib\grt</Filter>
    </ClCompile>
    <ClCompile Include="..\..\libs\grt\src\ClassificationModules\GMM\GMM.cpp">
      <Filter>blocks\midnight-grt\lib\grt</Filter>
    </ClCompile>
    <ClCompile Include="..\..\libs\grt\src\ClassificationModules\HMM\ContinuousHiddenMarkovModel.cpp">
      <Filter>blocks\midnight-grt\lib\grt</Filter>
    </ClCompile>
    <ClCompile Include="..\..\libs\grt\src\ClassificationModules\HMM\DiscreteHiddenMarkovModel.cpp">
      <Filter>blocks\midnight-grt\lib\grt</Filter>
    </ClCompile>
    <ClCompile Include="..\..\libs\grt\src\ClassificationModules\HMM\HMM.cpp">
      <Filter>blocks\midnight-grt\lib\grt</Filter>
    </ClCompile>
    <ClCompile Include="..\..\libs\grt\src\ClassificationModules\KNN\KNN.cpp">
      <Filter>blocks\midnight-grt\lib\grt</Filter>
    </ClCompile>
    <ClCompile Include="..\..\libs\grt\src\ClassificationModules\MinDist\MinDist.cpp">
      <Filter>blocks\midnight-grt\lib\grt</Filter>
    </ClCompile>
    <ClCompile Include="..\..\libs\grt\src\ClassificationModules\MinDist\MinDistModel.cpp">
      <Filter>blocks\midnight-grt\lib\grt</Filter>
    </ClCompile>
    <ClCompile Include="..\..\libs\grt\src\ClassificationModules\ParticleClassifier\ParticleClassifier.cpp">
      <Filter>blocks\midnight-grt\lib\grt</Filter>
    </ClCompile>
    <ClCompile Include="..\..\libs\grt\src\ClassificationModules\RandomForests\RandomForests.cpp">
      <Filter>blocks\midnight-grt\lib\grt</Filter>
    </ClCompile>
    <ClCompile Include="..\..\libs\grt\src\ClassificationModules\Softmax\Softmax.cpp">
      <Filter>blocks\midnight-grt\lib\grt</Filter>
    </ClCompile>
    <ClCompile Include="..\..\libs\grt\src\ClassificationModules\SVM\LIBSVM\libsvm.cpp">
      <Filter>blocks\midnight-grt\lib\grt</Filter>
    </ClCompile>
    <ClCompile Include="..\..\libs\grt\src\ClassificationModules\SVM\SVM.cpp">
      <Filter>blocks\midnight-grt\lib\grt</Filter>
    </ClCompile>
    <ClCompile Include="..\..\libs\grt\src\ClassificationModules\SwipeDetector\SwipeDetector.cpp">
      <Filter>blocks\midnight-grt\lib\grt</Filter>
    </ClCompile>
    <ClCompile Include="..\..\libs\grt\src\ClusteringModules\ClusterTree\ClusterTree.cpp">
      <Filter>blocks\midnight-grt\lib\grt</Filter>
    </ClCompile>
    <ClCompile Include="..\..\libs\grt\src\ClusteringModules\GaussianMixtureModels\GaussianMixtureModels.cpp">
      <Filter>blocks\midnight-grt\lib\grt</Filter>
    </ClCompile>
    <ClCompile Include="..\..\libs\grt\src\ClusteringModules\HierarchicalClustering\HierarchicalClustering.cpp">
      <Filter>blocks\midnight-grt\lib\grt</Filter>
    </ClCompile>
    <ClCompile Include="..\..\libs\grt\src\ClusteringModules\KMeans\KMeans.cpp">
      <Filter>blocks\midnight-grt\lib\grt</Filter>
    </ClCompile>
    <ClCompile Include="..\..\libs\grt\src\ClusteringModules\SelfOrganizingMap\SelfOrganizingMap.cpp">
      <Filter>blocks\midnight-grt\lib\grt</Filter>
    </ClCompile>
    <ClCompile Include="..\..\libs\grt\src\ContextModules\Gate.cpp">
      <Filter>blocks\midnight-grt\lib\grt</Filter>
    </ClCompile>
    <ClCompile Include="..\..\libs\grt\src\CoreAlgorithms\BernoulliRBM\BernoulliRBM.cpp">
      <Filter>blocks\midnight-grt\lib\grt</Filter>
    </ClCompile>
    <ClCompile Include="..\..\libs\grt\src\CoreAlgorithms\MovementDetector\MovementDetector.cpp">
      <Filter>blocks\midnight-grt\lib\grt</Filter>
    </ClCompile>
    <ClCompile Include="..\..\libs\grt\src\CoreAlgorithms\PrincipalComponentAnalysis\PrincipalComponentAnalysis.cpp">
      <Filter>blocks\midnight-grt\lib\grt</Filter>
    </ClCompile>
    <ClCompile Include="..\..\libs\grt\src\CoreAlgorithms\Tree\Node.cpp">
      <Filter>blocks\midnight-grt\lib\grt</Filter>
    </ClCompile>
    <ClCompile Include="..\..\libs\grt\src\CoreAlgorithms\Tree\Tree.cpp">
      <Filter>blocks\midnight-grt\lib\grt</Filter>
    </ClCompile>
    <ClCompile Include="..\..\libs\grt\src\CoreModules\Classifier.cpp">
      <Filter>blocks\midnight-grt\lib\grt</Filter>
    </ClCompile>
    <ClCompile Include="..\..\libs\grt\src\CoreModules\Clusterer.cpp">
      <Filter>blocks\midnight-grt\lib\grt</Filter>
    </ClCompile>
    <ClCompile Include="..\..\libs\grt\src\CoreModules\Context.cpp">
      <Filter>blocks\midnight-grt\lib\grt</Filter>
    </ClCompile>
    <ClCompile Include="..\..\libs\grt\src\CoreModules\FeatureExtraction.cpp">
      <Filter>blocks\midnight-grt\lib\grt</Filter>
    </ClCompile>
    <ClCompile Include="..\..\libs\grt\src\CoreModules\GestureRecognitionPipeline.cpp">
      <Filter>blocks\midnight-grt\lib\grt</Filter>
    </ClCompile>
    <ClCompile Include="..\..\libs\grt\src\CoreModules\GRTBase.cpp">
      <Filter>blocks\midnight-grt\lib\grt</Filter>
    </ClCompile>
    <ClCompile Include="..\..\libs\grt\src\CoreModules\MLBase.cpp">
      <Filter>blocks\midnight-grt\lib\grt</Filter>
    </ClCompile>
    <ClCompile Include="..\..\libs\grt\src\CoreModules\PostProcessing.cpp">
      <Filter>blocks\midnight-grt\lib\grt</Filter>
    </ClCompile>
    <ClCompile Include="..\..\libs\grt\src\CoreModules\PreProcessing.cpp">
      <Filter>blocks\midnight-grt\lib\grt</Filter>
    </ClCompile>
    <ClCompile Include="..\..\libs\grt\src\CoreModules\Regressifier.cpp">
      <Filter>blocks\midnight-grt\lib\grt</Filter>
    </ClCompile>
    <ClCompile Include="..\..\libs\grt\src\DataStructures\ClassificationData.cpp">
      <Filter>blocks\midnight-grt\lib\grt</Filter>
    </ClCompile>
    <ClCompile Include="..\..\libs\grt\src\DataStructures\ClassificationDataStream.cpp">
      <Filter>blocks\midnight-grt\lib\grt</Filter>
    </ClCompile>
    <ClCompile Include="..\..\libs\grt\src\DataStructures\ClassificationSample.cpp">
      <Filter>blocks\midnight-grt\lib\grt</Filter>
    </ClCompile>
    <ClCompile Include="..\..\libs\grt\src\DataStructures\MatrixFloat.cpp">
      <Filter>blocks\midnight-grt\lib\grt</Filter>
    </ClCompile>
    <ClCompile Include="..\..\libs\grt\src\DataStructures\RegressionData.cpp">
      <Filter>blocks\midnight-grt\lib\grt</Filter>
    </ClCompile>
    <ClCompile Include="..\..\libs\grt\src\DataStructures\RegressionSample.cpp">
      <Filter>blocks\midnight-grt\lib\grt</Filter>
    </ClCompile>
    <ClCompile Include="..\..\libs\grt\src\DataStructures\TimeSeriesClassificationData.cpp">
      <Filter>blocks\midnight-grt\lib\grt</Filter>
    </ClCompile>
    <ClCompile Include="..\..\libs\grt\src\DataStructures\TimeSeriesClassificationSample.cpp">
      <Filter>blocks\midnight-grt\lib\grt</Filter>
    </ClCompile>
    <ClCompile Include="..\..\libs\grt\src\DataStructures\UnlabelledData.cpp">
      <Filter>blocks\midnight-grt\lib\grt</Filter>
    </ClCompile>
    <ClCompile Include="..\..\libs\grt\src\DataStructures\VectorFloat.cpp">
      <Filter>blocks\midnight-grt\lib\grt</Filter>
    </ClCompile>
    <ClCompile Include="..\..\libs\grt\src\FeatureExtractionModules\EnvelopeExtractor\EnvelopeExtractor.cpp">
      <Filter>blocks\midnight-grt\lib\grt</Filter>
    </ClCompile>
    <ClCompile Include="..\..\libs\grt\src\FeatureExtractionModules\FFT\FastFourierTransform.cpp">
      <Filter>blocks\midnight-grt\lib\grt</Filter>
    </ClCompile>
    <ClCompile Include="..\..\libs\grt\src\FeatureExtractionModules\FFT\FFT.cpp">
      <Filter>blocks\midnight-grt\lib\grt</Filter>
    </ClCompile>
    <ClCompile Include="..\..\libs\grt\src\FeatureExtractionModules\FFT\FFTFeatures.cpp">
      <Filter>blocks\midnight-grt\lib\grt</Filter>
    </ClCompile>
    <ClCompile Include="..\..\libs\grt\src\FeatureExtractionModules\KMeansFeatures\KMeansFeatures.cpp">
      <Filter>blocks\midnight-grt\lib\grt</Filter>
    </ClCompile>
    <ClCompile Include="..\..\libs\grt\src\FeatureExtractionModules\KMeansQuantizer\KMeansQuantizer.cpp">
      <Filter>blocks\midnight-grt\lib\grt</Filter>
    </ClCompile>
    <ClCompile Include="..\..\libs\grt\src\FeatureExtractionModules\MovementIndex\MovementIndex.cpp">
      <Filter>blocks\midnight-grt\lib\grt</Filter>
    </ClCompile>
    <ClCompile Include="..\..\libs\grt\src\FeatureExtractionModules\MovementTrajectoryFeatures\MovementTrajectoryFeatures.cpp">
      <Filter>blocks\midnight-grt\lib\grt</Filter>
    </ClCompile>
    <ClCompile Include="..\..\libs\grt\src\FeatureExtractionModules\RBMQuantizer\RBMQuantizer.cpp">
      <Filter>blocks\midnight-grt\lib\grt</Filter>
    </ClCompile>
    <ClCompile Include="..\..\libs\grt\src\FeatureExtractionModules\SOMQuantizer\SOMQuantizer.cpp">
      <Filter>blocks\midnight-grt\lib\grt</Filter>
    </ClCompile>
    <ClCompile Include="..\..\libs\grt\src\FeatureExtractionModules\TimeDomainFeatures\TimeDomainFeatures.cpp">
      <Filter>blocks\midnight-grt\lib\grt</Filter>
    </ClCompile>
    <ClCompile Include="..\..\libs\grt\src\FeatureExtractionModules\TimeseriesBuffer\TimeseriesBuffer.cpp">
      <Filter>blocks\midnight-grt\lib\grt</Filter>
    </ClCompile>
    <ClCompile Include="..\..\libs\grt\src\FeatureExtractionModules\ZeroCrossingCounter\ZeroCrossingCounter.cpp">
      <Filter>blocks\midnight-grt\lib\grt</Filter>
    </ClCompile>
    <ClCompile Include="..\..\libs\grt\src\PostProcessingModules\ClassLabelChangeFilter.cpp">
      <Filter>blocks\midnight-grt\lib\grt</Filter>
    </ClCompile>
    <ClCompile Include="..\..\libs\grt\src\PostProcessingModules\ClassLabelFilter.cpp">
      <Filter>blocks\midnight-grt\lib\grt</Filter>
    </ClCompile>
    <ClCompile Include="..\..\libs\grt\src\PostProcessingModules\ClassLabelTimeoutFilter.cpp">
      <Filter>blocks\midnight-grt\lib\grt</Filter>
    </ClCompile>
    <ClCompile Include="..\..\libs\grt\src\PreProcessingModules\DeadZone.cpp">
      <Filter>blocks\midnight-grt\lib\grt</Filter>
    </ClCompile>
    <ClCompile Include="..\..\libs\grt\src\PreProcessingModules\Derivative.cpp">
      <Filter>blocks\midnight-grt\lib\grt</Filter>
    </ClCompile>
    <ClCompile Include="..\..\libs\grt\src\PreProcessingModules\DoubleMovingAverageFilter.cpp">
      <Filter>blocks\midnight-grt\lib\grt</Filter>
    </ClCompile>
    <ClCompile Include="..\..\libs\grt\src\PreProcessingModules\FIRFilter.cpp">
      <Filter>blocks\midnight-grt\lib\grt</Filter>
    </ClCompile>
    <ClCompile Include="..\..\libs\grt\src\PreProcessingModules\HighPassFilter.cpp">
      <Filter>blocks\midnight-grt\lib\grt</Filter>
    </ClCompile>
    <ClCompile Include="..\..\libs\grt\src\PreProcessingModules\LeakyIntegrator.cpp">
      <Filter>blocks\midnight-grt\lib\grt</Filter>
    </ClCompile>
    <ClCompile Include="..\..\libs\grt\src\PreProcessingModules\LowPassFilter.cpp">
      <Filter>blocks\midnight-grt\lib\grt</Filter>
    </ClCompile>
    <ClCompile Include="..\..\libs\grt\src\PreProcessingModules\MedianFilter.cpp">
      <Filter>blocks\midnight-grt\lib\grt</Filter>
    </ClCompile>
    <ClCompile Include="..\..\libs\grt\src\PreProcessingModules\MovingAverageFilter.cpp">
      <Filter>blocks\midnight-grt\lib\grt</Filter>
    </ClCompile>
    <ClCompile Include="..\..\libs\grt\src\PreProcessingModules\RMSFilter.cpp">
      <Filter>blocks\midnight-grt\lib\grt</Filter>
    </ClCompile>
    <ClCompile Include="..\..\libs\grt\src\PreProcessingModules\SavitzkyGolayFilter.cpp">
      <Filter>blocks\midnight-grt\lib\grt</Filter>
    </ClCompile>
    <ClCompile Include="..\..\libs\grt\src\PreProcessingModules\WeightedAverageFilter.cpp">
      <Filter>blocks\midnight-grt\lib\grt</Filter>
    </ClCompile>
    <ClCompile Include="..\..\libs\grt\src\RegressionModules\ArtificialNeuralNetworks\MLP\MLP.cpp">
      <Filter>blocks\midnight-grt\lib\grt</Filter>
    </ClCompile>
    <ClCompile Include="..\..\libs\grt\src\RegressionModules\ArtificialNeuralNetworks\MLP\Neuron.cpp">
      <Filter>blocks\midnight-grt\lib\grt</Filter>
    </ClCompile>
    <ClCompile Include="..\..\libs\grt\src\RegressionModules\LinearRegression\LinearRegression.cpp">
      <Filter>blocks\midnight-grt\lib\grt</Filter>
    </ClCompile>
    <ClCompile Include="..\..\libs\grt\src\RegressionModules\LogisticRegression\LogisticRegression.cpp">
      <Filter>blocks\midnight-grt\lib\grt</Filter>
    </ClCompile>
    <ClCompile Include="..\..\libs\grt\src\RegressionModules\MultidimensionalRegression\MultidimensionalRegression.cpp">
      <Filter>blocks\midnight-grt\lib\grt</Filter>
    </ClCompile>
    <ClCompile Include="..\..\libs\grt\src\RegressionModules\RegressionTree\RegressionTree.cpp">
      <Filter>blocks\midnight-grt\lib\grt</Filter>
    </ClCompile>
    <ClCompile Include="..\..\libs\grt\src\Util\Cholesky.cpp">
      <Filter>blocks\midnight-grt\lib\grt</Filter>
    </ClCompile>
    <ClCompile Include="..\..\libs\grt\src\Util\DebugLog.cpp">
      <Filter>blocks\midnight-grt\lib\grt</Filter>
    </ClCompile>
    <ClCompile Include="..\..\libs\grt\src\Util\EigenvalueDecomposition.cpp">
      <Filter>blocks\midnight-grt\lib\grt</Filter>
    </ClCompile>
    <ClCompile Include="..\..\libs\grt\src\Util\ErrorLog.cpp">
      <Filter>blocks\midnight-grt\lib\grt</Filter>
    </ClCompile>
    <ClCompile Include="..\..\libs\grt\src\Util\InfoLog.cpp">
      <Filter>blocks\midnight-grt\lib\grt</Filter>
    </ClCompile>
    <ClCompile Include="..\..\libs\grt\src\Util\LUDecomposition.cpp">
      <Filter>blocks\midnight-grt\lib\grt</Filter>
    </ClCompile>
    <ClCompile Include="..\..\libs\grt\src\Util\Metrics.cpp">
      <Filter>blocks\midnight-grt\lib\grt</Filter>
    </ClCompile>
    <ClCompile Include="..\..\libs\grt\src\Util\PeakDetection.cpp">
      <Filter>blocks\midnight-grt\lib\grt</Filter>
    </ClCompile>
    <ClCompile Include="..\..\libs\grt\src\Util\Random.cpp">
      <Filter>blocks\midnight-grt\lib\grt</Filter>
    </ClCompile>
    <ClCompile Include="..\..\libs\grt\src\Util\RangeTracker.cpp">
      <Filter>blocks\midnight-grt\lib\grt</Filter>
    </ClCompile>
    <ClCompile Include="..\..\libs\grt\src\Util\SVD.cpp">
      <Filter>blocks\midnight-grt\lib\grt</Filter>
    </ClCompile>
    <ClCompile Include="..\..\libs\grt\src\Util\TestingLog.cpp">
      <Filter>blocks\midnight-grt\lib\grt</Filter>
    </ClCompile>
    <ClCompile Include="..\..\libs\grt\src\Util\ThreadPool.cpp">
      <Filter>blocks\midnight-grt\lib\grt</Filter>
    </ClCompile>
    <ClCompile Include="..\..\libs\grt\src\Util\ThresholdCrossingDetector.cpp">
      <Filter>blocks\midnight-grt\lib\grt</Filter>
    </ClCompile>
    <ClCompile Include="..\..\libs\grt\src\Util\TimeSeriesClassificationSampleTrimmer.cpp">
      <Filter>blocks\midnight-grt\lib\grt</Filter>
    </ClCompile>
    <ClCompile Include="..\..\libs\grt\src\Util\TrainingDataRecordingTimer.cpp">
      <Filter>blocks\midnight-grt\lib\grt</Filter>
    </ClCompile>
    <ClCompile Include="..\..\libs\grt\src\Util\TrainingLog.cpp">
      <Filter>blocks\midnight-grt\lib\grt</Filter>
    </ClCompile>
    <ClCompile Include="..\..\libs\grt\src\Util\Util.cpp">
      <Filter>blocks\midnight-grt\lib\grt</Filter>
    </ClCompile>
    <ClCompile Include="..\..\libs\grt\src\Util\WarningLog.cpp">
      <Filter>blocks\midnight-grt\lib\grt</Filter>
    </ClCompile>
  </ItemGroup>
  <ItemGroup>
    <ClInclude Include="..\include\Resources.h">
      <Filter>Header Files</Filter>
    </ClInclude>
    <ClInclude Include="..\..\libs\grt\src\ClassificationModules\AdaBoost\AdaBoost.h">
      <Filter>blocks\midnight-grt\lib\grt</Filter>
    </ClInclude>
    <ClInclude Include="..\..\libs\grt\src\ClassificationModules\AdaBoost\AdaBoostClassModel.h">
      <Filter>blocks\midnight-grt\lib\grt</Filter>
    </ClInclude>
    <ClInclude Include="..\..\libs\grt\src\ClassificationModules\AdaBoost\WeakClassifiers\DecisionStump.h">
      <Filter>blocks\midnight-grt\lib\grt</Filter>
    </ClInclude>
    <ClInclude Include="..\..\libs\grt\src\ClassificationModules\AdaBoost\WeakClassifiers\RadialBasisFunction.h">
      <Filter>blocks\midnight-grt\lib\grt</Filter>
    </ClInclude>
    <ClInclude Include="..\..\libs\grt\src\ClassificationModules\AdaBoost\WeakClassifiers\WeakClassifier.h">
      <Filter>blocks\midnight-grt\lib\grt</Filter>
    </ClInclude>
    <ClInclude Include="..\..\libs\grt\src\ClassificationModules\ANBC\ANBC.h">
      <Filter>blocks\midnight-grt\lib\grt</Filter>
    </ClInclude>
    <ClInclude Include="..\..\libs\grt\src\ClassificationModules\ANBC\ANBC_Model.h">
      <Filter>blocks\midnight-grt\lib\grt</Filter>
    </ClInclude>
    <ClInclude Include="..\..\libs\grt\src\ClassificationModules\BAG\BAG.h">
      <Filter>blocks\midnight-grt\lib\grt</Filter>
    </ClInclude>
    <ClInclude Include="..\..\libs\grt\src\ClassificationModules\DecisionTree\DecisionTree.h">
      <Filter>blocks\midnight-grt\lib\grt</Filter>
    </ClInclude>
    <ClInclude Include="..\..\libs\grt\src\ClassificationModules\DecisionTree\DecisionTreeClusterNode.h">
      <Filter>blocks\midnight-grt\lib\grt</Filter>
    </ClInclude>
    <ClInclude Include="..\..\libs\grt\src\ClassificationModules\DecisionTree\DecisionTreeNode.h">
      <Filter>blocks\midnight-grt\lib\grt</Filter>
    </ClInclude>
    <ClInclude Include="..\..\libs\grt\src\ClassificationModules\DecisionTree\DecisionTreeThresholdNode.h">
      <Filter>blocks\midnight-grt\lib\grt</Filter>
    </ClInclude>
    <ClInclude Include="..\..\libs\grt\src\ClassificationModules\DecisionTree\DecisionTreeTripleFeatureNode.h">
      <Filter>blocks\midnight-grt\lib\grt</Filter>
    </ClInclude>
    <ClInclude Include="..\..\libs\grt\src\ClassificationModules\DTW\DTW.h">
      <Filter>blocks\midnight-grt\lib\grt</Filter>
    </ClInclude>
    <ClInclude Include="..\..\libs\grt\src\ClassificationModules\FiniteStateMachine\FiniteStateMachine.h">
      <Filter>blocks\midnight-grt\lib\grt</Filter>
    </ClInclude>
    <ClInclude Include="..\..\libs\grt\src\ClassificationModules\FiniteStateMachine\FSMParticle.h">
      <Filter>blocks\midnight-grt\lib\grt</Filter>
    </ClInclude>
    <ClInclude Include="..\..\libs\grt\src\ClassificationModules\FiniteStateMachine\FSMParticleFilter.h">
      <Filter>blocks\midnight-grt\lib\grt</Filter>
    </ClInclude>
    <ClInclude Include="..\..\libs\grt\src\ClassificationModules\GMM\GMM.h">
      <Filter>blocks\midnight-grt\lib\grt</Filter>
    </ClInclude>
    <ClInclude Include="..\..\libs\grt\src\ClassificationModules\GMM\MixtureModel.h">
      <Filter>blocks\midnight-grt\lib\grt</Filter>
    </ClInclude>
    <ClInclude Include="..\..\libs\grt\src\ClassificationModules\HMM\ContinuousHiddenMarkovModel.h">
      <Filter>blocks\midnight-grt\lib\grt</Filter>
    </ClInclude>
    <ClInclude Include="..\..\libs\grt\src\ClassificationModules\HMM\DiscreteHiddenMarkovModel.h">
      <Filter>blocks\midnight-grt\lib\grt</Filter>
    </ClInclude>
    <ClInclude Include="..\..\libs\grt\src\ClassificationModules\HMM\HMM.h">
      <Filter>blocks\midnight-grt\lib\grt</Filter>
    </ClInclude>
    <ClInclude Include="..\..\libs\grt\src\ClassificationModules\HMM\HMMEnums.h">
      <Filter>blocks\midnight-grt\lib\grt</Filter>
    </ClInclude>
    <ClInclude Include="..\..\libs\grt\src\ClassificationModules\KNN\KNN.h">
      <Filter>blocks\midnight-grt\lib\grt</Filter>
    </ClInclude>
    <ClInclude Include="..\..\libs\grt\src\ClassificationModules\MinDist\MinDist.h">
      <Filter>blocks\midnight-grt\lib\grt</Filter>
    </ClInclude>
    <ClInclude Include="..\..\libs\grt\src\ClassificationModules\MinDist\MinDistModel.h">
      <Filter>blocks\midnight-grt\lib\grt</Filter>
    </ClInclude>
    <ClInclude Include="..\..\libs\grt\src\ClassificationModules\ParticleClassifier\ParticleClassifier.h">
      <Filter>blocks\midnight-grt\lib\grt</Filter>
    </ClInclude>
    <ClInclude Include="..\..\libs\grt\src\ClassificationModules\ParticleClassifier\ParticleClassifierParticleFilter.h">
      <Filter>blocks\midnight-grt\lib\grt</Filter>
    </ClInclude>
    <ClInclude Include="..\..\libs\grt\src\ClassificationModules\RandomForests\RandomForests.h">
      <Filter>blocks\midnight-grt\lib\grt</Filter>
    </ClInclude>
    <ClInclude Include="..\..\libs\grt\src\ClassificationModules\Softmax\Softmax.h">
      <Filter>blocks\midnight-grt\lib\grt</Filter>
    </ClInclude>
    <ClInclude Include="..\..\libs\grt\src\ClassificationModules\Softmax\SoftmaxModel.h">
      <Filter>blocks\midnight-grt\lib\grt</Filter>
    </ClInclude>
    <ClInclude Include="..\..\libs\grt\src\ClassificationModules\SVM\LIBSVM\libsvm.h">
      <Filter>blocks\midnight-grt\lib\grt</Filter>
    </ClInclude>
    <ClInclude Include="..\..\libs\grt\src\ClassificationModules\SVM\SVM.h">
      <Filter>blocks\midnight-grt\lib\grt</Filter>
    </ClInclude>
    <ClInclude Include="..\..\libs\grt\src\ClassificationModules\SwipeDetector\SwipeDetector.h">
      <Filter>blocks\midnight-grt\lib\grt</Filter>
    </ClInclude>
    <ClInclude Include="..\..\libs\grt\src\ClusteringModules\ClusterTree\ClusterTree.h">
      <Filter>blocks\midnight-grt\lib\grt</Filter>
    </ClInclude>
    <ClInclude Include="..\..\libs\grt\src\ClusteringModules\ClusterTree\ClusterTreeNode.h">
      <Filter>blocks\midnight-grt\lib\grt</Filter>
    </ClInclude>
    <ClInclude Include="..\..\libs\grt\src\ClusteringModules\GaussianMixtureModels\GaussianMixtureModels.h">
      <Filter>blocks\midnight-grt\lib\grt</Filter>
    </ClInclude>
    <ClInclude Include="..\..\libs\grt\src\ClusteringModules\HierarchicalClustering\HierarchicalClustering.h">
      <Filter>blocks\midnight-grt\lib\grt</Filter>
    </ClInclude>
    <ClInclude Include="..\..\libs\grt\src\ClusteringModules\KMeans\KMeans.h">
      <Filter>blocks\midnight-grt\lib\grt</Filter>
    </ClInclude>
    <ClInclude Include="..\..\libs\grt\src\ClusteringModules\SelfOrganizingMap\SelfOrganizingMap.h">
      <Filter>blocks\midnight-grt\lib\grt</Filter>
    </ClInclude>
    <ClInclude Include="..\..\libs\grt\src\ContextModules\Gate.h">
      <Filter>blocks\midnight-grt\lib\grt</Filter>
    </ClInclude>
    <ClInclude Include="..\..\libs\grt\src\CoreAlgorithms\BernoulliRBM\BernoulliRBM.h">
      <Filter>blocks\midnight-grt\lib\grt</Filter>
    </ClInclude>
    <ClInclude Include="..\..\libs\grt\src\CoreAlgorithms\EvolutionaryAlgorithm\EvolutionaryAlgorithm.h">
      <Filter>blocks\midnight-grt\lib\grt</Filter>
    </ClInclude>
    <ClInclude Include="..\..\libs\grt\src\CoreAlgorithms\EvolutionaryAlgorithm\Individual.h">
      <Filter>blocks\midnight-grt\lib\grt</Filter>
    </ClInclude>
    <ClInclude Include="..\..\libs\grt\src\CoreAlgorithms\GridSearch\GridSearch.h">
      <Filter>blocks\midnight-grt\lib\grt</Filter>
    </ClInclude>
    <ClInclude Include="..\..\libs\grt\src\CoreAlgorithms\LeastSquares\LinearLeastSquares.h">
      <Filter>blocks\midnight-grt\lib\grt</Filter>
    </ClInclude>
    <ClInclude Include="..\..\libs\grt\src\CoreAlgorithms\MeanShift\MeanShift.h">
      <Filter>blocks\midnight-grt\lib\grt</Filter>
    </ClInclude>
    <ClInclude Include="..\..\libs\grt\src\CoreAlgorithms\MovementDetector\MovementDetector.h">
      <Filter>blocks\midnight-grt\lib\grt</Filter>
    </ClInclude>
    <ClInclude Include="..\..\libs\grt\src\CoreAlgorithms\ParticleFilter\Particle.h">
      <Filter>blocks\midnight-grt\lib\grt</Filter>
    </ClInclude>
    <ClInclude Include="..\..\libs\grt\src\CoreAlgorithms\ParticleFilter\ParticleFilter.h">
      <Filter>blocks\midnight-grt\lib\grt</Filter>
    </ClInclude>
    <ClInclude Include="..\..\libs\grt\src\CoreAlgorithms\ParticleSwarmOptimization\ParticleSwarmOptimization.h">
      <Filter>blocks\midnight-grt\lib\grt</Filter>
    </ClInclude>
    <ClInclude Include="..\..\libs\grt\src\CoreAlgorithms\ParticleSwarmOptimization\PSOParticle.h">
      <Filter>blocks\midnight-grt\lib\grt</Filter>
    </ClInclude>
    <ClInclude Include="..\..\libs\grt\src\CoreAlgorithms\PrincipalComponentAnalysis\PrincipalComponentAnalysis.h">
      <Filter>blocks\midnight-grt\lib\grt</Filter>
    </ClInclude>
    <ClInclude Include="..\..\libs\grt\src\CoreAlgorithms\Tree\Node.h">
      <Filter>blocks\midnight-grt\lib\grt</Filter>
    </ClInclude>
    <ClInclude Include="..\..\libs\grt\src\CoreAlgorithms\Tree\Tree.h">
      <Filter>blocks\midnight-grt\lib\grt</Filter>
    </ClInclude>
    <ClInclude Include="..\..\libs\grt\src\CoreModules\Classifier.h">
      <Filter>blocks\midnight-grt\lib\grt</Filter>
    </ClInclude>
    <ClInclude Include="..\..\libs\grt\src\CoreModules\Clusterer.h">
      <Filter>blocks\midnight-grt\lib\grt</Filter>
    </ClInclude>
    <ClInclude Include="..\..\libs\grt\src\CoreModules\Context.h">
      <Filter>blocks\midnight-grt\lib\grt</Filter>
    </ClInclude>
    <ClInclude Include="..\..\libs\grt\src\CoreModules\FeatureExtraction.h">
      <Filter>blocks\midnight-grt\lib\grt</Filter>
    </ClInclude>
    <ClInclude Include="..\..\libs\grt\src\CoreModules\GestureRecognitionPipeline.h">
      <Filter>blocks\midnight-grt\lib\grt</Filter>
    </ClInclude>
    <ClInclude Include="..\..\libs\grt\src\CoreModules\GRTBase.h">
      <Filter>blocks\midnight-grt\lib\grt</Filter>
    </ClInclude>
    <ClInclude Include="..\..\libs\grt\src\CoreModules\MLBase.h">
      <Filter>blocks\midnight-grt\lib\grt</Filter>
    </ClInclude>
    <ClInclude Include="..\..\libs\grt\src\CoreModules\PostProcessing.h">
      <Filter>blocks\midnight-grt\lib\grt</Filter>
    </ClInclude>
    <ClInclude Include="..\..\libs\grt\src\CoreModules\PreProcessing.h">
      <Filter>blocks\midnight-grt\lib\grt</Filter>
    </ClInclude>
    <ClInclude Include="..\..\libs\grt\src\CoreModules\Regressifier.h">
      <Filter>blocks\midnight-grt\lib\grt</Filter>
    </ClInclude>
    <ClInclude Include="..\..\libs\grt\src\DataStructures\ClassificationData.h">
      <Filter>blocks\midnight-grt\lib\grt</Filter>
    </ClInclude>
    <ClInclude Include="..\..\libs\grt\src\DataStructures\ClassificationDataStream.h">
      <Filter>blocks\midnight-grt\lib\grt</Filter>
    </ClInclude>
    <ClInclude Include="..\..\libs\grt\src\DataStructures\ClassificationSample.h">
      <Filter>blocks\midnight-grt\lib\grt</Filter>
    </ClInclude>
    <ClInclude Include="..\..\libs\grt\src\DataStructures\Matrix.h">
      <Filter>blocks\midnight-grt\lib\grt</Filter>
    </ClInclude>
    <ClInclude Include="..\..\libs\grt\src\DataStructures\MatrixFloat.h">
      <Filter>blocks\midnight-grt\lib\grt</Filter>
    </ClInclude>
    <ClInclude Include="..\..\libs\grt\src\DataStructures\RegressionData.h">
      <Filter>blocks\midnight-grt\lib\grt</Filter>
    </ClInclude>
    <ClInclude Include="..\..\libs\grt\src\DataStructures\RegressionSample.h">
      <Filter>blocks\midnight-grt\lib\grt</Filter>
    </ClInclude>
    <ClInclude Include="..\..\libs\grt\src\DataStructures\TimeSeriesClassificationData.h">
      <Filter>blocks\midnight-grt\lib\grt</Filter>
    </ClInclude>
    <ClInclude Include="..\..\libs\grt\src\DataStructures\TimeSeriesClassificationSample.h">
      <Filter>blocks\midnight-grt\lib\grt</Filter>
    </ClInclude>
    <ClInclude Include="..\..\libs\grt\src\DataStructures\TimeSeriesPositionTracker.h">
      <Filter>blocks\midnight-grt\lib\grt</Filter>
    </ClInclude>
    <ClInclude Include="..\..\libs\grt\src\DataStructures\UnlabelledData.h">
      <Filter>blocks\midnight-grt\lib\grt</Filter>
    </ClInclude>
    <ClInclude Include="..\..\libs\grt\src\DataStructures\Vector.h">
      <Filter>blocks\midnight-grt\lib\grt</Filter>
    </ClInclude>
    <ClInclude Include="..\..\libs\grt\src\DataStructures\VectorFloat.h">
      <Filter>blocks\midnight-grt\lib\grt</Filter>
    </ClInclude>
    <ClInclude Include="..\..\libs\grt\src\FeatureExtractionModules\EnvelopeExtractor\EnvelopeExtractor.h">
      <Filter>blocks\midnight-grt\lib\grt</Filter>
    </ClInclude>
    <ClInclude Include="..\..\libs\grt\src\FeatureExtractionModules\FFT\FastFourierTransform.h">
      <Filter>blocks\midnight-grt\lib\grt</Filter>
    </ClInclude>
    <ClInclude Include="..\..\libs\grt\src\FeatureExtractionModules\FFT\FFT.h">
      <Filter>blocks\midnight-grt\lib\grt</Filter>
    </ClInclude>
    <ClInclude Include="..\..\libs\grt\src\FeatureExtractionModules\FFT\FFTFeatures.h">
      <Filter>blocks\midnight-grt\lib\grt</Filter>
    </ClInclude>
    <ClInclude Include="..\..\libs\grt\src\FeatureExtractionModules\KMeansFeatures\KMeansFeatures.h">
      <Filter>blocks\midnight-grt\lib\grt</Filter>
    </ClInclude>
    <ClInclude Include="..\..\libs\grt\src\FeatureExtractionModules\KMeansQuantizer\KMeansQuantizer.h">
      <Filter>blocks\midnight-grt\lib\grt</Filter>
    </ClInclude>
    <ClInclude Include="..\..\libs\grt\src\FeatureExtractionModules\MovementIndex\MovementIndex.h">
      <Filter>blocks\midnight-grt\lib\grt</Filter>
    </ClInclude>
    <ClInclude Include="..\..\libs\grt\src\FeatureExtractionModules\MovementTrajectoryFeatures\MovementTrajectoryFeatures.h">
      <Filter>blocks\midnight-grt\lib\grt</Filter>
    </ClInclude>
    <ClInclude Include="..\..\libs\grt\src\FeatureExtractionModules\RBMQuantizer\RBMQuantizer.h">
      <Filter>blocks\midnight-grt\lib\grt</Filter>
    </ClInclude>
    <ClInclude Include="..\..\libs\grt\src\FeatureExtractionModules\SOMQuantizer\SOMQuantizer.h">
      <Filter>blocks\midnight-grt\lib\grt</Filter>
    </ClInclude>
    <ClInclude Include="..\..\libs\grt\src\FeatureExtractionModules\TimeDomainFeatures\TimeDomainFeatures.h">
      <Filter>blocks\midnight-grt\lib\grt</Filter>
    </ClInclude>
    <ClInclude Include="..\..\libs\grt\src\FeatureExtractionModules\TimeseriesBuffer\TimeseriesBuffer.h">
      <Filter>blocks\midnight-grt\lib\grt</Filter>
    </ClInclude>
    <ClInclude Include="..\..\libs\grt\src\FeatureExtractionModules\ZeroCrossingCounter\ZeroCrossingCounter.h">
      <Filter>blocks\midnight-grt\lib\grt</Filter>
    </ClInclude>
    <ClInclude Include="..\..\libs\grt\src\PostProcessingModules\ClassLabelChangeFilter.h">
      <Filter>blocks\midnight-grt\lib\grt</Filter>
    </ClInclude>
    <ClInclude Include="..\..\libs\grt\src\PostProcessingModules\ClassLabelFilter.h">
      <Filter>blocks\midnight-grt\lib\grt</Filter>
    </ClInclude>
    <ClInclude Include="..\..\libs\grt\src\PostProcessingModules\ClassLabelTimeoutFilter.h">
      <Filter>blocks\midnight-grt\lib\grt</Filter>
    </ClInclude>
    <ClInclude Include="..\..\libs\grt\src\PreProcessingModules\DeadZone.h">
      <Filter>blocks\midnight-grt\lib\grt</Filter>
    </ClInclude>
    <ClInclude Include="..\..\libs\grt\src\PreProcessingModules\Derivative.h">
      <Filter>blocks\midnight-grt\lib\grt</Filter>
    </ClInclude>
    <ClInclude Include="..\..\libs\grt\src\PreProcessingModules\DoubleMovingAverageFilter.h">
      <Filter>blocks\midnight-grt\lib\grt</Filter>
    </ClInclude>
    <ClInclude Include="..\..\libs\grt\src\PreProcessingModules\FIRFilter.h">
      <Filter>blocks\midnight-grt\lib\grt</Filter>
    </ClInclude>
    <ClInclude Include="..\..\libs\grt\src\PreProcessingModules\HighPassFilter.h">
      <Filter>blocks\midnight-grt\lib\grt</Filter>
    </ClInclude>
    <ClInclude Include="..\..\libs\grt\src\PreProcessingModules\LeakyIntegrator.h">
      <Filter>blocks\midnight-grt\lib\grt</Filter>
    </ClInclude>
    <ClInclude Include="..\..\libs\grt\src\PreProcessingModules\LowPassFilter.h">
      <Filter>blocks\midnight-grt\lib\grt</Filter>
    </ClInclude>
    <ClInclude Include="..\..\libs\grt\src\PreProcessingModules\MedianFilter.h">
      <Filter>blocks\midnight-grt\lib\grt</Filter>
    </ClInclude>
    <ClInclude Include="..\..\libs\grt\src\PreProcessingModules\MovingAverageFilter.h">
      <Filter>blocks\midnight-grt\lib\grt</Filter>
    </ClInclude>
    <ClInclude Include="..\..\libs\grt\src\PreProcessingModules\RMSFilter.h">
      <Filter>blocks\midnight-grt\lib\grt</Filter>
    </ClInclude>
    <ClInclude Include="..\..\libs\grt\src\PreProcessingModules\SavitzkyGolayFilter.h">
      <Filter>blocks\midnight-grt\lib\grt</Filter>
    </ClInclude>
    <ClInclude Include="..\..\libs\grt\src\PreProcessingModules\WeightedAverageFilter.h">
      <Filter>blocks\midnight-grt\lib\grt</Filter>
    </ClInclude>
    <ClInclude Include="..\..\libs\grt\src\RegressionModules\ArtificialNeuralNetworks\MLP\MLP.h">
      <Filter>blocks\midnight-grt\lib\grt</Filter>
    </ClInclude>
    <ClInclude Include="..\..\libs\grt\src\RegressionModules\ArtificialNeuralNetworks\MLP\Neuron.h">
      <Filter>blocks\midnight-grt\lib\grt</Filter>
    </ClInclude>
    <ClInclude Include="..\..\libs\grt\src\RegressionModules\LinearRegression\LinearRegression.h">
      <Filter>blocks\midnight-grt\lib\grt</Filter>
    </ClInclude>
    <ClInclude Include="..\..\libs\grt\src\RegressionModules\LogisticRegression\LogisticRegression.h">
      <Filter>blocks\midnight-grt\lib\grt</Filter>
    </ClInclude>
    <ClInclude Include="..\..\libs\grt\src\RegressionModules\MultidimensionalRegression\MultidimensionalRegression.h">
      <Filter>blocks\midnight-grt\lib\grt</Filter>
    </ClInclude>
    <ClInclude Include="..\..\libs\grt\src\RegressionModules\RegressionTree\RegressionTree.h">
      <Filter>blocks\midnight-grt\lib\grt</Filter>
    </ClInclude>
    <ClInclude Include="..\..\libs\grt\src\RegressionModules\RegressionTree\RegressionTreeNode.h">
      <Filter>blocks\midnight-grt\lib\grt</Filter>
    </ClInclude>
    <ClInclude Include="..\..\libs\grt\src\Util\Cholesky.h">
      <Filter>blocks\midnight-grt\lib\grt</Filter>
    </ClInclude>
    <ClInclude Include="..\..\libs\grt\src\Util\CircularBuffer.h">
      <Filter>blocks\midnight-grt\lib\grt</Filter>
    </ClInclude>
    <ClInclude Include="..\..\libs\grt\src\Util\ClassificationResult.h">
      <Filter>blocks\midnight-grt\lib\grt</Filter>
    </ClInclude>
    <ClInclude Include="..\..\libs\grt\src\Util\ClassTracker.h">
      <Filter>blocks\midnight-grt\lib\grt</Filter>
    </ClInclude>
    <ClInclude Include="..\..\libs\grt\src\Util\CommandLineParser.h">
      <Filter>blocks\midnight-grt\lib\grt</Filter>
    </ClInclude>
    <ClInclude Include="..\..\libs\grt\src\Util\DataType.h">
      <Filter>blocks\midnight-grt\lib\grt</Filter>
    </ClInclude>
    <ClInclude Include="..\..\libs\grt\src\Util\DebugLog.h">
      <Filter>blocks\midnight-grt\lib\grt</Filter>
    </ClInclude>
    <ClInclude Include="..\..\libs\grt\src\Util\Dict.h">
      <Filter>blocks\midnight-grt\lib\grt</Filter>
    </ClInclude>
    <ClInclude Include="..\..\libs\grt\src\Util\DynamicType.h">
      <Filter>blocks\midnight-grt\lib\grt</Filter>
    </ClInclude>
    <ClInclude Include="..\..\libs\grt\src\Util\EigenvalueDecomposition.h">
      <Filter>blocks\midnight-grt\lib\grt</Filter>
    </ClInclude>
    <ClInclude Include="..\..\libs\grt\src\Util\ErrorLog.h">
      <Filter>blocks\midnight-grt\lib\grt</Filter>
    </ClInclude>
    <ClInclude Include="..\..\libs\grt\src\Util\FileParser.h">
      <Filter>blocks\midnight-grt\lib\grt</Filter>
    </ClInclude>
    <ClInclude Include="..\..\libs\grt\src\Util\GRTCommon.h">
      <Filter>blocks\midnight-grt\lib\grt</Filter>
    </ClInclude>
    <ClInclude Include="..\..\libs\grt\src\Util\GRTException.h">
      <Filter>blocks\midnight-grt\lib\grt</Filter>
    </ClInclude>
    <ClInclude Include="..\..\libs\grt\src\Util\GRTTypedefs.h">
      <Filter>blocks\midnight-grt\lib\grt</Filter>
    </ClInclude>
    <ClInclude Include="..\..\libs\grt\src\Util\GRTVersionInfo.h">
      <Filter>blocks\midnight-grt\lib\grt</Filter>
    </ClInclude>
    <ClInclude Include="..\..\libs\grt\src\Util\IndexedDouble.h">
      <Filter>blocks\midnight-grt\lib\grt</Filter>
    </ClInclude>
    <ClInclude Include="..\..\libs\grt\src\Util\InfoLog.h">
      <Filter>blocks\midnight-grt\lib\grt</Filter>
    </ClInclude>
    <ClInclude Include="..\..\libs\grt\src\Util\Log.h">
      <Filter>blocks\midnight-grt\lib\grt</Filter>
    </ClInclude>
    <ClInclude Include="..\..\libs\grt\src\Util\LUDecomposition.h">
      <Filter>blocks\midnight-grt\lib\grt</Filter>
    </ClInclude>
    <ClInclude Include="..\..\libs\grt\src\Util\Metrics.h">
      <Filter>blocks\midnight-grt\lib\grt</Filter>
    </ClInclude>
    <ClInclude Include="..\..\libs\grt\src\Util\MinMax.h">
      <Filter>blocks\midnight-grt\lib\grt</Filter>
    </ClInclude>
    <ClInclude Include="..\..\libs\grt\src\Util\Observer.h">
      <Filter>blocks\midnight-grt\lib\grt</Filter>
    </ClInclude>
    <ClInclude Include="..\..\libs\grt\src\Util\ObserverManager.h">
      <Filter>blocks\midnight-grt\lib\grt</Filter>
    </ClInclude>
    <ClInclude Include="..\..\libs\grt\src\Util\PeakDetection.h">
      <Filter>blocks\midnight-grt\lib\grt</Filter>
    </ClInclude>
    <ClInclude Include="..\..\libs\grt\src\Util\Random.h">
      <Filter>blocks\midnight-grt\lib\grt</Filter>
    </ClInclude>
    <ClInclude Include="..\..\libs\grt\src\Util\RangeTracker.h">
      <Filter>blocks\midnight-grt\lib\grt</Filter>
    </ClInclude>
    <ClInclude Include="..\..\libs\grt\src\Util\SVD.h">
      <Filter>blocks\midnight-grt\lib\grt</Filter>
    </ClInclude>
    <ClInclude Include="..\..\libs\grt\src\Util\TestingLog.h">
      <Filter>blocks\midnight-grt\lib\grt</Filter>
    </ClInclude>
    <ClInclude Include="..\..\libs\grt\src\Util\TestInstanceResult.h">
      <Filter>blocks\midnight-grt\lib\grt</Filter>
    </ClInclude>
    <ClInclude Include="..\..\libs\grt\src\Util\TestResult.h">
      <Filter>blocks\midnight-grt\lib\grt</Filter>
    </ClInclude>
    <ClInclude Include="..\..\libs\grt\src\Util\ThreadPool.h">
      <Filter>blocks\midnight-grt\lib\grt</Filter>
    </ClInclude>
    <ClInclude Include="..\..\libs\grt\src\Util\ThresholdCrossingDetector.h">
      <Filter>blocks\midnight-grt\lib\grt</Filter>
    </ClInclude>
    <ClInclude Include="..\..\libs\grt\src\Util\Timer.h">
      <Filter>blocks\midnight-grt\lib\grt</Filter>
    </ClInclude>
    <ClInclude Include="..\..\libs\grt\src\Util\TimeSeriesClassificationSampleTrimmer.h">
      <Filter>blocks\midnight-grt\lib\grt</Filter>
    </ClInclude>
    <ClInclude Include="..\..\libs\grt\src\Util\TimeStamp.h">
      <Filter>blocks\midnight-grt\lib\grt</Filter>
    </ClInclude>
    <ClInclude Include="..\..\libs\grt\src\Util\TrainingDataRecordingTimer.h">
      <Filter>blocks\midnight-grt\lib\grt</Filter>
    </ClInclude>
    <ClInclude Include="..\..\libs\grt\src\Util\TrainingLog.h">
      <Filter>blocks\midnight-grt\lib\grt</Filter>
    </ClInclude>
    <ClInclude Include="..\..\libs\grt\src\Util\TrainingResult.h">
      <Filter>blocks\midnight-grt\lib\grt</Filter>
    </ClInclude>
    <ClInclude Include="..\..\libs\grt\src\Util\Util.h">
      <Filter>blocks\midnight-grt\lib\grt</Filter>
    </ClInclude>
    <ClInclude Include="..\..\libs\grt\src\Util\WarningLog.h">
      <Filter>blocks\midnight-grt\lib\grt</Filter>
    </ClInclude>
    <ClInclude Include="..\..\libs\grt\src\GRT.h">
      <Filter>blocks\midnight-grt\lib\grt</Filter>
    </ClInclude>
  </ItemGroup>
  <ItemGroup>
    <ResourceCompile Include="Resources.rc">
      <Filter>Resource Files</Filter>
    </ResourceCompile>
  </ItemGroup>
</Project>